{
  "name": "udemy-todoist",
  "version": "1.0.0",
  "lockfileVersion": 1,
  "requires": true,
  "dependencies": {
    "csv-writer": {
      "version": "1.0.0",
      "resolved": "https://registry.npmjs.org/csv-writer/-/csv-writer-1.0.0.tgz",
      "integrity": "sha512-BhOFA4OIlC1cngdDLDmKJrVCDqoye0kKtZhRs93X0BDlWgHoVIY8zWFZXMgeSWuOCLTwdm0aBV4MMRpR8Y83/g=="
    }
  }
}
